# Generated by pub
# See https://dart.dev/tools/pub/glossary#lockfile
packages:
  args:
    dependency: "direct main"
    description:
      name: args
      url: "https://pub.dartlang.org"
    source: hosted
    version: "2.4.0"
  logging:
    dependency: "direct main"
    description:
      name: logging
      url: "https://pub.dartlang.org"
    source: hosted
    version: "1.1.1"
  sprintf:
    dependency: "direct main"
    description:
      name: sprintf
      url: "https://pub.dartlang.org"
    source: hosted
    version: "7.0.0"
sdks:
  dart: ">=2.18.0 <3.0.0"
